// !$*UTF8*$!
{
	archiveVersion = 1;
	classes = {
	};
	objectVersion = 55;
	objects = {

/* Begin PBXBuildFile section */
		C6B07691288B87BB00053AAB /* figurinhasApp.swift in Sources */ = {isa = PBXBuildFile; fileRef = C6B07690288B87BB00053AAB /* figurinhasApp.swift */; };
		C6B07693288B87BB00053AAB /* ContentView.swift in Sources */ = {isa = PBXBuildFile; fileRef = C6B07692288B87BB00053AAB /* ContentView.swift */; };
		C6B07695288B87BD00053AAB /* Assets.xcassets in Resources */ = {isa = PBXBuildFile; fileRef = C6B07694288B87BD00053AAB /* Assets.xcassets */; };
		C6B07698288B87BD00053AAB /* Preview Assets.xcassets in Resources */ = {isa = PBXBuildFile; fileRef = C6B07697288B87BD00053AAB /* Preview Assets.xcassets */; };
		C6B076BD2892168800053AAB /* PropriedadesView.swift in Sources */ = {isa = PBXBuildFile; fileRef = C6B076BC2892168800053AAB /* PropriedadesView.swift */; };
		C6B076BF28921DFD00053AAB /* FigurinhaDetalheView.swift in Sources */ = {isa = PBXBuildFile; fileRef = C6B076BE28921DFD00053AAB /* FigurinhaDetalheView.swift */; };
		C6B076C1289369B100053AAB /* FigurasView.swift in Sources */ = {isa = PBXBuildFile; fileRef = C6B076C0289369B100053AAB /* FigurasView.swift */; };
		C6B076C32893763E00053AAB /* PropriedadeEditarView.swift in Sources */ = {isa = PBXBuildFile; fileRef = C6B076C22893763E00053AAB /* PropriedadeEditarView.swift */; };
/* End PBXBuildFile section */

/* Begin PBXFileReference section */
		C6B0768D288B87BB00053AAB /* figurinhas.app */ = {isa = PBXFileReference; explicitFileType = wrapper.application; includeInIndex = 0; path = figurinhas.app; sourceTree = BUILT_PRODUCTS_DIR; };
		C6B07690288B87BB00053AAB /* figurinhasApp.swift */ = {isa = PBXFileReference; lastKnownFileType = sourcecode.swift; path = figurinhasApp.swift; sourceTree = "<group>"; };
		C6B07692288B87BB00053AAB /* ContentView.swift */ = {isa = PBXFileReference; lastKnownFileType = sourcecode.swift; path = ContentView.swift; sourceTree = "<group>"; };
		C6B07694288B87BD00053AAB /* Assets.xcassets */ = {isa = PBXFileReference; lastKnownFileType = folder.assetcatalog; path = Assets.xcassets; sourceTree = "<group>"; };
		C6B07697288B87BD00053AAB /* Preview Assets.xcassets */ = {isa = PBXFileReference; lastKnownFileType = folder.assetcatalog; path = "Preview Assets.xcassets"; sourceTree = "<group>"; };
		C6B076BC2892168800053AAB /* PropriedadesView.swift */ = {isa = PBXFileReference; lastKnownFileType = sourcecode.swift; path = PropriedadesView.swift; sourceTree = "<group>"; };
		C6B076BE28921DFD00053AAB /* FigurinhaDetalheView.swift */ = {isa = PBXFileReference; lastKnownFileType = sourcecode.swift; path = FigurinhaDetalheView.swift; sourceTree = "<group>"; };
		C6B076C0289369B100053AAB /* FigurasView.swift */ = {isa = PBXFileReference; lastKnownFileType = sourcecode.swift; path = FigurasView.swift; sourceTree = "<group>"; };
		C6B076C22893763E00053AAB /* PropriedadeEditarView.swift */ = {isa = PBXFileReference; lastKnownFileType = sourcecode.swift; path = PropriedadeEditarView.swift; sourceTree = "<group>"; };
/* End PBXFileReference section */

/* Begin PBXFrameworksBuildPhase section */
		C6B0768A288B87BB00053AAB /* Frameworks */ = {
			isa = PBXFrameworksBuildPhase;
			buildActionMask = 2147483647;
			files = (
			);
			runOnlyForDeploymentPostprocessing = 0;
		};
/* End PBXFrameworksBuildPhase section */

/* Begin PBXGroup section */
		C6B07684288B87BB00053AAB = {
			isa = PBXGroup;
			children = (
				C6B0768F288B87BB00053AAB /* figurinhas */,
				C6B0768E288B87BB00053AAB /* Products */,
			);
			sourceTree = "<group>";
		};
		C6B0768E288B87BB00053AAB /* Products */ = {
			isa = PBXGroup;
			children = (
				C6B0768D288B87BB00053AAB /* figurinhas.app */,
			);
			name = Products;
			sourceTree = "<group>";
		};
		C6B0768F288B87BB00053AAB /* figurinhas */ = {
			isa = PBXGroup;
			children = (
				C6B07690288B87BB00053AAB /* figurinhasApp.swift */,
				C6B07692288B87BB00053AAB /* ContentView.swift */,
				C6B07694288B87BD00053AAB /* Assets.xcassets */,
				C6B07696288B87BD00053AAB /* Preview Content */,
				C6B076BC2892168800053AAB /* PropriedadesView.swift */,
				C6B076BE28921DFD00053AAB /* FigurinhaDetalheView.swift */,
				C6B076C0289369B100053AAB /* FigurasView.swift */,
				C6B076C22893763E00053AAB /* PropriedadeEditarView.swift */,
			);
			path = figurinhas;
			sourceTree = "<group>";
		};
		C6B07696288B87BD00053AAB /* Preview Content */ = {
			isa = PBXGroup;
			children = (
				C6B07697288B87BD00053AAB /* Preview Assets.xcassets */,
			);
			path = "Preview Content";
			sourceTree = "<group>";
		};
/* End PBXGroup section */

/* Begin PBXNativeTarget section */
		C6B0768C288B87BB00053AAB /* figurinhas */ = {
			isa = PBXNativeTarget;
			buildConfigurationList = C6B0769B288B87BD00053AAB /* Build configuration list for PBXNativeTarget "figurinhas" */;
			buildPhases = (
				C6B07689288B87BB00053AAB /* Sources */,
				C6B0768A288B87BB00053AAB /* Frameworks */,
				C6B0768B288B87BB00053AAB /* Resources */,
			);
			buildRules = (
			);
			dependencies = (
			);
			name = figurinhas;
			productName = figurinhas;
			productReference = C6B0768D288B87BB00053AAB /* figurinhas.app */;
			productType = "com.apple.product-type.application";
		};
/* End PBXNativeTarget section */

/* Begin PBXProject section */
		C6B07685288B87BB00053AAB /* Project object */ = {
			isa = PBXProject;
			attributes = {
				BuildIndependentTargetsInParallel = 1;
				LastSwiftUpdateCheck = 1340;
				LastUpgradeCheck = 1340;
				TargetAttributes = {
					C6B0768C288B87BB00053AAB = {
						CreatedOnToolsVersion = 13.4.1;
					};
				};
			};
			buildConfigurationList = C6B07688288B87BB00053AAB /* Build configuration list for PBXProject "figurinhas" */;
			compatibilityVersion = "Xcode 13.0";
			developmentRegion = en;
			hasScannedForEncodings = 0;
			knownRegions = (
				en,
				Base,
			);
			mainGroup = C6B07684288B87BB00053AAB;
			productRefGroup = C6B0768E288B87BB00053AAB /* Products */;
			projectDirPath = "";
			projectRoot = "";
			targets = (
				C6B0768C288B87BB00053AAB /* figurinhas */,
			);
		};
/* End PBXProject section */

/* Begin PBXResourcesBuildPhase section */
		C6B0768B288B87BB00053AAB /* Resources */ = {
			isa = PBXResourcesBuildPhase;
			buildActionMask = 2147483647;
			files = (
				C6B07698288B87BD00053AAB /* Preview Assets.xcassets in Resources */,
				C6B07695288B87BD00053AAB /* Assets.xcassets in Resources */,
			);
			runOnlyForDeploymentPostprocessing = 0;
		};
/* End PBXResourcesBuildPhase section */

/* Begin PBXSourcesBuildPhase section */
		C6B07689288B87BB00053AAB /* Sources */ = {
			isa = PBXSourcesBuildPhase;
			buildActionMask = 2147483647;
			files = (
				C6B076BF28921DFD00053AAB /* FigurinhaDetalheView.swift in Sources */,
				C6B076BD2892168800053AAB /* PropriedadesView.swift in Sources */,
				C6B07693288B87BB00053AAB /* ContentView.swift in Sources */,
				C6B07691288B87BB00053AAB /* figurinhasApp.swift in Sources */,
				C6B076C1289369B100053AAB /* FigurasView.swift in Sources */,
				C6B076C32893763E00053AAB /* PropriedadeEditarView.swift in Sources */,
			);
			runOnlyForDeploymentPostprocessing = 0;
		};
/* End PBXSourcesBuildPhase section */

/* Begin XCBuildConfiguration section */
		C6B07699288B87BD00053AAB /* Debug */ = {
			isa = XCBuildConfiguration;
			buildSettings = {
				ALWAYS_SEARCH_USER_PATHS = NO;
				CLANG_ANALYZER_NONNULL = YES;
				CLANG_ANALYZER_NUMBER_OBJECT_CONVERSION = YES_AGGRESSIVE;
				CLANG_CXX_LANGUAGE_STANDARD = "gnu++17";
				CLANG_ENABLE_MODULES = YES;
				CLANG_ENABLE_OBJC_ARC = YES;
				CLANG_ENABLE_OBJC_WEAK = YES;
				CLANG_WARN_BLOCK_CAPTURE_AUTORELEASING = YES;
				CLANG_WARN_BOOL_CONVERSION = YES;
				CLANG_WARN_COMMA = YES;
				CLANG_WARN_CONSTANT_CONVERSION = YES;
				CLANG_WARN_DEPRECATED_OBJC_IMPLEMENTATIONS = YES;
				CLANG_WARN_DIRECT_OBJC_ISA_USAGE = YES_ERROR;
				CLANG_WARN_DOCUMENTATION_COMMENTS = YES;
				CLANG_WARN_EMPTY_BODY = YES;
				CLANG_WARN_ENUM_CONVERSION = YES;
				CLANG_WARN_INFINITE_RECURSION = YES;
				CLANG_WARN_INT_CONVERSION = YES;
				CLANG_WARN_NON_LITERAL_NULL_CONVERSION = YES;
				CLANG_WARN_OBJC_IMPLICIT_RETAIN_SELF = YES;
				CLANG_WARN_OBJC_LITERAL_CONVERSION = YES;
				CLANG_WARN_OBJC_ROOT_CLASS = YES_ERROR;
				CLANG_WARN_QUOTED_INCLUDE_IN_FRAMEWORK_HEADER = YES;
				CLANG_WARN_RANGE_LOOP_ANALYSIS = YES;
				CLANG_WARN_STRICT_PROTOTYPES = YES;
				CLANG_WARN_SUSPICIOUS_MOVE = YES;
				CLANG_WARN_UNGUARDED_AVAILABILITY = YES_AGGRESSIVE;
				CLANG_WARN_UNREACHABLE_CODE = YES;
				CLANG_WARN__DUPLICATE_METHOD_MATCH = YES;
				COPY_PHASE_STRIP = NO;
				DEBUG_INFORMATION_FORMAT = dwarf;
				ENABLE_STRICT_OBJC_MSGSEND = YES;
				ENABLE_TESTABILITY = YES;
				GCC_C_LANGUAGE_STANDARD = gnu11;
				GCC_DYNAMIC_NO_PIC = NO;
				GCC_NO_COMMON_BLOCKS = YES;
				GCC_OPTIMIZATION_LEVEL = 0;
				GCC_PREPROCESSOR_DEFINITIONS = (
					"DEBUG=1",
					"$(inherited)",
				);
				GCC_WARN_64_TO_32_BIT_CONVERSION = YES;
				GCC_WARN_ABOUT_RETURN_TYPE = YES_ERROR;
				GCC_WARN_UNDECLARED_SELECTOR = YES;
				GCC_WARN_UNINITIALIZED_AUTOS = YES_AGGRESSIVE;
				GCC_WARN_UNUSED_FUNCTION = YES;
				GCC_WARN_UNUSED_VARIABLE = YES;
				IPHONEOS_DEPLOYMENT_TARGET = 15.5;
				MTL_ENABLE_DEBUG_INFO = INCLUDE_SOURCE;
				MTL_FAST_MATH = YES;
				ONLY_ACTIVE_ARCH = YES;
				SDKROOT = iphoneos;
				SWIFT_ACTIVE_COMPILATION_CONDITIONS = DEBUG;
				SWIFT_OPTIMIZATION_LEVEL = "-Onone";
			};
			name = Debug;
		};
		C6B0769A288B87BD00053AAB /* Release */ = {
			isa = XCBuildConfiguration;
			buildSettings = {
				ALWAYS_SEARCH_USER_PATHS = NO;
				CLANG_ANALYZER_NONNULL = YES;
				CLANG_ANALYZER_NUMBER_OBJECT_CONVERSION = YES_AGGRESSIVE;
				CLANG_CXX_LANGUAGE_STANDARD = "gnu++17";
				CLANG_ENABLE_MODULES = YES;
				CLANG_ENABLE_OBJC_ARC = YES;
				CLANG_ENABLE_OBJC_WEAK = YES;
				CLANG_WARN_BLOCK_CAPTURE_AUTORELEASING = YES;
				CLANG_WARN_BOOL_CONVERSION = YES;
				CLANG_WARN_COMMA = YES;
				CLANG_WARN_CONSTANT_CONVERSION = YES;
				CLANG_WARN_DEPRECATED_OBJC_IMPLEMENTATIONS = YES;
				CLANG_WARN_DIRECT_OBJC_ISA_USAGE = YES_ERROR;
				CLANG_WARN_DOCUMENTATION_COMMENTS = YES;
				CLANG_WARN_EMPTY_BODY = YES;
				CLANG_WARN_ENUM_CONVERSION = YES;
				CLANG_WARN_INFINITE_RECURSION = YES;
				CLANG_WARN_INT_CONVERSION = YES;
				CLANG_WARN_NON_LITERAL_NULL_CONVERSION = YES;
				CLANG_WARN_OBJC_IMPLICIT_RETAIN_SELF = YES;
				CLANG_WARN_OBJC_LITERAL_CONVERSION = YES;
				CLANG_WARN_OBJC_ROOT_CLASS = YES_ERROR;
				CLANG_WARN_QUOTED_INCLUDE_IN_FRAMEWORK_HEADER = YES;
				CLANG_WARN_RANGE_LOOP_ANALYSIS = YES;
				CLANG_WARN_STRICT_PROTOTYPES = YES;
				CLANG_WARN_SUSPICIOUS_MOVE = YES;
				CLANG_WARN_UNGUARDED_AVAILABILITY = YES_AGGRESSIVE;
				CLANG_WARN_UNREACHABLE_CODE = YES;
				CLANG_WARN__DUPLICATE_METHOD_MATCH = YES;
				COPY_PHASE_STRIP = NO;
				DEBUG_INFORMATION_FORMAT = "dwarf-with-dsym";
				ENABLE_NS_ASSERTIONS = NO;
				ENABLE_STRICT_OBJC_MSGSEND = YES;
				GCC_C_LANGUAGE_STANDARD = gnu11;
				GCC_NO_COMMON_BLOCKS = YES;
				GCC_WARN_64_TO_32_BIT_CONVERSION = YES;
				GCC_WARN_ABOUT_RETURN_TYPE = YES_ERROR;
				GCC_WARN_UNDECLARED_SELECTOR = YES;
				GCC_WARN_UNINITIALIZED_AUTOS = YES_AGGRESSIVE;
				GCC_WARN_UNUSED_FUNCTION = YES;
				GCC_WARN_UNUSED_VARIABLE = YES;
				IPHONEOS_DEPLOYMENT_TARGET = 15.5;
				MTL_ENABLE_DEBUG_INFO = NO;
				MTL_FAST_MATH = YES;
				SDKROOT = iphoneos;
				SWIFT_COMPILATION_MODE = wholemodule;
				SWIFT_OPTIMIZATION_LEVEL = "-O";
				VALIDATE_PRODUCT = YES;
			};
			name = Release;
		};
		C6B0769C288B87BD00053AAB /* Debug */ = {
			isa = XCBuildConfiguration;
			buildSettings = {
				ASSETCATALOG_COMPILER_APPICON_NAME = AppIcon;
				ASSETCATALOG_COMPILER_GLOBAL_ACCENT_COLOR_NAME = AccentColor;
				CODE_SIGN_STYLE = Automatic;
				CURRENT_PROJECT_VERSION = 1;
				DEVELOPMENT_ASSET_PATHS = "\"figurinhas/Preview Content\"";
				DEVELOPMENT_TEAM = UW65ZFTRX3;
				ENABLE_PREVIEWS = YES;
				GENERATE_INFOPLIST_FILE = YES;
				INFOPLIST_KEY_UIApplicationSceneManifest_Generation = YES;
				INFOPLIST_KEY_UIApplicationSupportsIndirectInputEvents = YES;
				INFOPLIST_KEY_UILaunchScreen_Generation = YES;
				INFOPLIST_KEY_UISupportedInterfaceOrientations_iPad = "UIInterfaceOrientationPortrait UIInterfaceOrientationPortraitUpsideDown UIInterfaceOrientationLandscapeLeft UIInterfaceOrientationLandscapeRight";
				INFOPLIST_KEY_UISupportedInterfaceOrientations_iPhone = "UIInterfaceOrientationPortrait UIInterfaceOrientationLandscapeLeft UIInterfaceOrientationLandscapeRight";
				LD_RUNPATH_SEARCH_PATHS = (
					"$(inherited)",
					"@executable_path/Frameworks",
				);
				MARKETING_VERSION = 1.0;
				PRODUCT_BUNDLE_IDENTIFIER = br.lages.eduardocordova.figurinhas;
				PRODUCT_NAME = "$(TARGET_NAME)";
				SWIFT_EMIT_LOC_STRINGS = YES;
				SWIFT_VERSION = 5.0;
				TARGETED_DEVICE_FAMILY = "1,2";
			};
			name = Debug;
		};
		C6B0769D288B87BD00053AAB /* Release */ = {
			isa = XCBuildConfiguration;
			buildSettings = {
				ASSETCATALOG_COMPILER_APPICON_NAME = AppIcon;
				ASSETCATALOG_COMPILER_GLOBAL_ACCENT_COLOR_NAME = AccentColor;
				CODE_SIGN_STYLE = Automatic;
				CURRENT_PROJECT_VERSION = 1;
				DEVELOPMENT_ASSET_PATHS = "\"figurinhas/Preview Content\"";
				DEVELOPMENT_TEAM = UW65ZFTRX3;
				ENABLE_PREVIEWS = YES;
				GENERATE_INFOPLIST_FILE = YES;
				INFOPLIST_KEY_UIApplicationSceneManifest_Generation = YES;
				INFOPLIST_KEY_UIApplicationSupportsIndirectInputEvents = YES;
				INFOPLIST_KEY_UILaunchScreen_Generation = YES;
				INFOPLIST_KEY_UISupportedInterfaceOrientations_iPad = "UIInterfaceOrientationPortrait UIInterfaceOrientationPortraitUpsideDown UIInterfaceOrientationLandscapeLeft UIInterfaceOrientationLandscapeRight";
				INFOPLIST_KEY_UISupportedInterfaceOrientations_iPhone = "UIInterfaceOrientationPortrait UIInterfaceOrientationLandscapeLeft UIInterfaceOrientationLandscapeRight";
				LD_RUNPATH_SEARCH_PATHS = (
					"$(inherited)",
					"@executable_path/Frameworks",
				);
				MARKETING_VERSION = 1.0;
				PRODUCT_BUNDLE_IDENTIFIER = br.lages.eduardocordova.figurinhas;
				PRODUCT_NAME = "$(TARGET_NAME)";
				SWIFT_EMIT_LOC_STRINGS = YES;
				SWIFT_VERSION = 5.0;
				TARGETED_DEVICE_FAMILY = "1,2";
			};
			name = Release;
		};
/* End XCBuildConfiguration section */

/* Begin XCConfigurationList section */
		C6B07688288B87BB00053AAB /* Build configuration list for PBXProject "figurinhas" */ = {
			isa = XCConfigurationList;
			buildConfigurations = (
				C6B07699288B87BD00053AAB /* Debug */,
				C6B0769A288B87BD00053AAB /* Release */,
			);
			defaultConfigurationIsVisible = 0;
			defaultConfigurationName = Release;
		};
		C6B0769B288B87BD00053AAB /* Build configuration list for PBXNativeTarget "figurinhas" */ = {
			isa = XCConfigurationList;
			buildConfigurations = (
				C6B0769C288B87BD00053AAB /* Debug */,
				C6B0769D288B87BD00053AAB /* Release */,
			);
			defaultConfigurationIsVisible = 0;
			defaultConfigurationName = Release;
		};
/* End XCConfigurationList section */
	};
	rootObject = C6B07685288B87BB00053AAB /* Project object */;
}
